
Microsoft Visual Studio Solution File, Format Version 12.00
# Visual Studio Version 16
VisualStudioVersion = 16.0.31424.327
MinimumVisualStudioVersion = 10.0.40219.1
Project("{FAE04EC0-301F-11D3-BF4B-00C04F79EFBC}") = "QualityGate", "QualityGate\QualityGate.csproj", "{3C318411-A98A-43D9-A51B-CA93AA2D5D41}"
EndProject
Project("{FAE04EC0-301F-11D3-BF4B-00C04F79EFBC}") = "QualityGateTests", "QualityGateTests\QualityGateTests.csproj", "{C0EDCFDF-D5F0-41B7-A441-B35F9D968DF0}"
EndProject
Global
	GlobalSection(SolutionConfigurationPlatforms) = preSolution
		Debug|Any CPU = Debug|Any CPU
		Release|Any CPU = Release|Any CPU
	EndGlobalSection
	GlobalSection(ProjectConfigurationPlatforms) = postSolution
		{3C318411-A98A-43D9-A51B-CA93AA2D5D41}.Debug|Any CPU.ActiveCfg = Debug|Any CPU
		{3C318411-A98A-43D9-A51B-CA93AA2D5D41}.Debug|Any CPU.Build.0 = Debug|Any CPU
		{3C318411-A98A-43D9-A51B-CA93AA2D5D41}.Release|Any CPU.ActiveCfg = Release|Any CPU
		{3C318411-A98A-43D9-A51B-CA93AA2D5D41}.Release|Any CPU.Build.0 = Release|Any CPU
		{C0EDCFDF-D5F0-41B7-A441-B35F9D968DF0}.Debug|Any CPU.ActiveCfg = Debug|Any CPU
		{C0EDCFDF-D5F0-41B7-A441-B35F9D968DF0}.Debug|Any CPU.Build.0 = Debug|Any CPU
		{C0EDCFDF-D5F0-41B7-A441-B35F9D968DF0}.Release|Any CPU.ActiveCfg = Release|Any CPU
		{C0EDCFDF-D5F0-41B7-A441-B35F9D968DF0}.Release|Any CPU.Build.0 = Release|Any CPU
	EndGlobalSection
	GlobalSection(SolutionProperties) = preSolution
		HideSolutionNode = FALSE
	EndGlobalSection
	GlobalSection(ExtensibilityGlobals) = postSolution
		SolutionGuid = {75A70248-F0D7-4677-9454-7DD54ACFD996}
	EndGlobalSection
EndGlobal
